
Microsoft Visual Studio Solution File, Format Version 12.00
# Visual Studio Version 17
VisualStudioVersion = 17.14.36414.22 d17.14
MinimumVisualStudioVersion = 10.0.40219.1
Project("{FAE04EC0-301F-11D3-BF4B-00C04F79EFBC}") = "MVC_ACT", "MVC_ACT\MVC_ACT.csproj", "{B8C0E1E4-EA7A-4F09-8971-1D51DFA820FE}"
EndProject
Global
	GlobalSection(SolutionConfigurationPlatforms) = preSolution
		Debug|Any CPU = Debug|Any CPU
		Release|Any CPU = Release|Any CPU
	EndGlobalSection
	GlobalSection(ProjectConfigurationPlatforms) = postSolution
		{B8C0E1E4-EA7A-4F09-8971-1D51DFA820FE}.Debug|Any CPU.ActiveCfg = Debug|Any CPU
		{B8C0E1E4-EA7A-4F09-8971-1D51DFA820FE}.Debug|Any CPU.Build.0 = Debug|Any CPU
		{B8C0E1E4-EA7A-4F09-8971-1D51DFA820FE}.Release|Any CPU.ActiveCfg = Release|Any CPU
		{B8C0E1E4-EA7A-4F09-8971-1D51DFA820FE}.Release|Any CPU.Build.0 = Release|Any CPU
	EndGlobalSection
	GlobalSection(SolutionProperties) = preSolution
		HideSolutionNode = FALSE
	EndGlobalSection
	GlobalSection(ExtensibilityGlobals) = postSolution
		SolutionGuid = {E2E8C7D3-AC5E-4FFA-97DB-912F55D39C9A}
	EndGlobalSection
EndGlobal
